
Microsoft Visual Studio Solution File, Format Version 12.00
# Visual Studio Version 16
VisualStudioVersion = 16.0.31729.503
MinimumVisualStudioVersion = 10.0.40219.1
Project("{FAE04EC0-301F-11D3-BF4B-00C04F79EFBC}") = "1labwithGit", "1labwithGit\1labwithGit.csproj", "{8C254A22-9E6E-46B7-8A23-94E329A01290}"
EndProject
Global
	GlobalSection(SolutionConfigurationPlatforms) = preSolution
		Debug|Any CPU = Debug|Any CPU
		Release|Any CPU = Release|Any CPU
	EndGlobalSection
	GlobalSection(ProjectConfigurationPlatforms) = postSolution
		{8C254A22-9E6E-46B7-8A23-94E329A01290}.Debug|Any CPU.ActiveCfg = Debug|Any CPU
		{8C254A22-9E6E-46B7-8A23-94E329A01290}.Debug|Any CPU.Build.0 = Debug|Any CPU
		{8C254A22-9E6E-46B7-8A23-94E329A01290}.Release|Any CPU.ActiveCfg = Release|Any CPU
		{8C254A22-9E6E-46B7-8A23-94E329A01290}.Release|Any CPU.Build.0 = Release|Any CPU
	EndGlobalSection
	GlobalSection(SolutionProperties) = preSolution
		HideSolutionNode = FALSE
	EndGlobalSection
	GlobalSection(ExtensibilityGlobals) = postSolution
		SolutionGuid = {AD96F0BD-6742-4649-8E15-51213E7EB369}
	EndGlobalSection
EndGlobal
